
Microsoft Visual Studio Solution File, Format Version 12.00
# Visual Studio Version 16
VisualStudioVersion = 16.0.31005.135
MinimumVisualStudioVersion = 10.0.40219.1
Project("{FAE04EC0-301F-11D3-BF4B-00C04F79EFBC}") = "Assignment_1", "Assignment_1\Assignment_1.csproj", "{809A2FC1-813D-4039-87AC-EF1AD77D07FF}"
EndProject
Global
	GlobalSection(SolutionConfigurationPlatforms) = preSolution
		Debug|Any CPU = Debug|Any CPU
		Release|Any CPU = Release|Any CPU
	EndGlobalSection
	GlobalSection(ProjectConfigurationPlatforms) = postSolution
		{809A2FC1-813D-4039-87AC-EF1AD77D07FF}.Debug|Any CPU.ActiveCfg = Debug|Any CPU
		{809A2FC1-813D-4039-87AC-EF1AD77D07FF}.Debug|Any CPU.Build.0 = Debug|Any CPU
		{809A2FC1-813D-4039-87AC-EF1AD77D07FF}.Release|Any CPU.ActiveCfg = Release|Any CPU
		{809A2FC1-813D-4039-87AC-EF1AD77D07FF}.Release|Any CPU.Build.0 = Release|Any CPU
	EndGlobalSection
	GlobalSection(SolutionProperties) = preSolution
		HideSolutionNode = FALSE
	EndGlobalSection
	GlobalSection(ExtensibilityGlobals) = postSolution
		SolutionGuid = {7E4A9F37-7817-4739-AA53-7A152ED77AA2}
	EndGlobalSection
EndGlobal
